
Microsoft Visual Studio Solution File, Format Version 12.00
# Visual Studio Version 17
VisualStudioVersion = 17.1.32210.238
MinimumVisualStudioVersion = 10.0.40219.1
Project("{FAE04EC0-301F-11D3-BF4B-00C04F79EFBC}") = "AmbientLight", "AmbientLight\AmbientLight.csproj", "{31D110D6-DBBA-45A3-8EC0-29FD653344AA}"
EndProject
Global
	GlobalSection(SolutionConfigurationPlatforms) = preSolution
		Debug|Any CPU = Debug|Any CPU
		Release|Any CPU = Release|Any CPU
	EndGlobalSection
	GlobalSection(ProjectConfigurationPlatforms) = postSolution
		{31D110D6-DBBA-45A3-8EC0-29FD653344AA}.Debug|Any CPU.ActiveCfg = Debug|Any CPU
		{31D110D6-DBBA-45A3-8EC0-29FD653344AA}.Debug|Any CPU.Build.0 = Debug|Any CPU
		{31D110D6-DBBA-45A3-8EC0-29FD653344AA}.Release|Any CPU.ActiveCfg = Release|Any CPU
		{31D110D6-DBBA-45A3-8EC0-29FD653344AA}.Release|Any CPU.Build.0 = Release|Any CPU
	EndGlobalSection
	GlobalSection(SolutionProperties) = preSolution
		HideSolutionNode = FALSE
	EndGlobalSection
	GlobalSection(ExtensibilityGlobals) = postSolution
		SolutionGuid = {3230074E-88F2-436A-AB89-A6740AB19D21}
	EndGlobalSection
EndGlobal
